
Microsoft Visual Studio Solution File, Format Version 12.00
# Visual Studio 14
VisualStudioVersion = 14.0.24720.0
MinimumVisualStudioVersion = 10.0.40219.1
Project("{FAE04EC0-301F-11D3-BF4B-00C04F79EFBC}") = "ConsoleApplicationTestNLog", "ConsoleApplicationTestNLog\ConsoleApplicationTestNLog.csproj", "{D051ADE2-70C9-4322-B117-EEDD2CDEF206}"
EndProject
Project("{FAE04EC0-301F-11D3-BF4B-00C04F79EFBC}") = "Logger_ToFile", "Logger_ToFile\Logger_ToFile.csproj", "{DA079A25-808F-4FB0-83F4-C010BF907A82}"
EndProject
Global
	GlobalSection(SolutionConfigurationPlatforms) = preSolution
		Debug|Any CPU = Debug|Any CPU
		Release|Any CPU = Release|Any CPU
	EndGlobalSection
	GlobalSection(ProjectConfigurationPlatforms) = postSolution
		{D051ADE2-70C9-4322-B117-EEDD2CDEF206}.Debug|Any CPU.ActiveCfg = Debug|Any CPU
		{D051ADE2-70C9-4322-B117-EEDD2CDEF206}.Debug|Any CPU.Build.0 = Debug|Any CPU
		{D051ADE2-70C9-4322-B117-EEDD2CDEF206}.Release|Any CPU.ActiveCfg = Release|Any CPU
		{D051ADE2-70C9-4322-B117-EEDD2CDEF206}.Release|Any CPU.Build.0 = Release|Any CPU
		{DA079A25-808F-4FB0-83F4-C010BF907A82}.Debug|Any CPU.ActiveCfg = Debug|Any CPU
		{DA079A25-808F-4FB0-83F4-C010BF907A82}.Debug|Any CPU.Build.0 = Debug|Any CPU
		{DA079A25-808F-4FB0-83F4-C010BF907A82}.Release|Any CPU.ActiveCfg = Release|Any CPU
		{DA079A25-808F-4FB0-83F4-C010BF907A82}.Release|Any CPU.Build.0 = Release|Any CPU
	EndGlobalSection
	GlobalSection(SolutionProperties) = preSolution
		HideSolutionNode = FALSE
	EndGlobalSection
EndGlobal
